# This file is automatically @generated by Cargo.
# It is not intended for manual editing.
version = 4

[[package]]
name = "voucher-cli"
version = "0.1.0"
dependencies = [
 "voucher-protocol",
]

[[package]]
name = "voucher-ledger"
version = "0.1.0"
dependencies = [
 "voucher-protocol",
]

[[package]]
name = "voucher-protocol"
version = "0.1.0"
